
Microsoft Visual Studio Solution File, Format Version 12.00
# Visual Studio Version 16
VisualStudioVersion = 16.0.31729.503
MinimumVisualStudioVersion = 10.0.40219.1
Project("{9A19103F-16F7-4668-BE54-9A1E7A4F7556}") = "ZodiacSigns", "ZodiacSigns\ZodiacSigns.csproj", "{BE6C558A-429C-4024-912D-0AC546FC437E}"
EndProject
Project("{FAE04EC0-301F-11D3-BF4B-00C04F79EFBC}") = "Application", "Application\Application.csproj", "{7455D9E3-2BBA-46CB-B6DF-329A66CA5799}"
EndProject
Global
	GlobalSection(SolutionConfigurationPlatforms) = preSolution
		Debug|Any CPU = Debug|Any CPU
		Release|Any CPU = Release|Any CPU
	EndGlobalSection
	GlobalSection(ProjectConfigurationPlatforms) = postSolution
		{BE6C558A-429C-4024-912D-0AC546FC437E}.Debug|Any CPU.ActiveCfg = Debug|Any CPU
		{BE6C558A-429C-4024-912D-0AC546FC437E}.Debug|Any CPU.Build.0 = Debug|Any CPU
		{BE6C558A-429C-4024-912D-0AC546FC437E}.Release|Any CPU.ActiveCfg = Release|Any CPU
		{BE6C558A-429C-4024-912D-0AC546FC437E}.Release|Any CPU.Build.0 = Release|Any CPU
		{7455D9E3-2BBA-46CB-B6DF-329A66CA5799}.Debug|Any CPU.ActiveCfg = Debug|Any CPU
		{7455D9E3-2BBA-46CB-B6DF-329A66CA5799}.Debug|Any CPU.Build.0 = Debug|Any CPU
		{7455D9E3-2BBA-46CB-B6DF-329A66CA5799}.Release|Any CPU.ActiveCfg = Release|Any CPU
		{7455D9E3-2BBA-46CB-B6DF-329A66CA5799}.Release|Any CPU.Build.0 = Release|Any CPU
	EndGlobalSection
	GlobalSection(SolutionProperties) = preSolution
		HideSolutionNode = FALSE
	EndGlobalSection
	GlobalSection(ExtensibilityGlobals) = postSolution
		SolutionGuid = {6AECB852-0879-40B2-A7FA-ECA571DDDB7E}
	EndGlobalSection
EndGlobal
